
Microsoft Visual Studio Solution File, Format Version 12.00
# Visual Studio 2012
Project("{FAE04EC0-301F-11D3-BF4B-00C04F79EFBC}") = "KassaKvitto_Labb1", "KassaKvitto_Labb1\KassaKvitto_Labb1.csproj", "{144DC316-0369-4702-9BB4-ADB67B09B62F}"
EndProject
Global
	GlobalSection(SolutionConfigurationPlatforms) = preSolution
		Debug|Any CPU = Debug|Any CPU
		Release|Any CPU = Release|Any CPU
	EndGlobalSection
	GlobalSection(ProjectConfigurationPlatforms) = postSolution
		{144DC316-0369-4702-9BB4-ADB67B09B62F}.Debug|Any CPU.ActiveCfg = Debug|Any CPU
		{144DC316-0369-4702-9BB4-ADB67B09B62F}.Debug|Any CPU.Build.0 = Debug|Any CPU
		{144DC316-0369-4702-9BB4-ADB67B09B62F}.Release|Any CPU.ActiveCfg = Release|Any CPU
		{144DC316-0369-4702-9BB4-ADB67B09B62F}.Release|Any CPU.Build.0 = Release|Any CPU
	EndGlobalSection
	GlobalSection(SolutionProperties) = preSolution
		HideSolutionNode = FALSE
	EndGlobalSection
EndGlobal
